
Microsoft Visual Studio Solution File, Format Version 12.00
# Visual Studio Version 16
VisualStudioVersion = 16.0.30517.126
MinimumVisualStudioVersion = 10.0.40219.1
Project("{FAE04EC0-301F-11D3-BF4B-00C04F79EFBC}") = "WebApplication1", "WebApplication1\WebApplication1.csproj", "{B5803AB2-0AD9-44EE-98B2-C47AFAC31292}"
EndProject
Global
	GlobalSection(SolutionConfigurationPlatforms) = preSolution
		Debug|Any CPU = Debug|Any CPU
		Release|Any CPU = Release|Any CPU
	EndGlobalSection
	GlobalSection(ProjectConfigurationPlatforms) = postSolution
		{B5803AB2-0AD9-44EE-98B2-C47AFAC31292}.Debug|Any CPU.ActiveCfg = Debug|Any CPU
		{B5803AB2-0AD9-44EE-98B2-C47AFAC31292}.Debug|Any CPU.Build.0 = Debug|Any CPU
		{B5803AB2-0AD9-44EE-98B2-C47AFAC31292}.Release|Any CPU.ActiveCfg = Release|Any CPU
		{B5803AB2-0AD9-44EE-98B2-C47AFAC31292}.Release|Any CPU.Build.0 = Release|Any CPU
	EndGlobalSection
	GlobalSection(SolutionProperties) = preSolution
		HideSolutionNode = FALSE
	EndGlobalSection
	GlobalSection(ExtensibilityGlobals) = postSolution
		SolutionGuid = {5FEA740E-61E5-4AFE-8186-26DD26439AE0}
	EndGlobalSection
EndGlobal
